
Microsoft Visual Studio Solution File, Format Version 12.00
# Visual Studio Version 17
VisualStudioVersion = 17.3.32825.248
MinimumVisualStudioVersion = 10.0.40219.1
Project("{9A19103F-16F7-4668-BE54-9A1E7A4F7556}") = "Course2", "Course2.csproj", "{2A6B62AA-D4D1-4C91-9CDE-6B1260168526}"
EndProject
Project("{FAE04EC0-301F-11D3-BF4B-00C04F79EFBC}") = "VideoTests", "..\VideoTests\VideoTests.csproj", "{351787CF-7EA6-4A30-B9EA-58A21E47547C}"
EndProject
Global
	GlobalSection(SolutionConfigurationPlatforms) = preSolution
		Debug|Any CPU = Debug|Any CPU
		Release|Any CPU = Release|Any CPU
	EndGlobalSection
	GlobalSection(ProjectConfigurationPlatforms) = postSolution
		{2A6B62AA-D4D1-4C91-9CDE-6B1260168526}.Debug|Any CPU.ActiveCfg = Debug|Any CPU
		{2A6B62AA-D4D1-4C91-9CDE-6B1260168526}.Debug|Any CPU.Build.0 = Debug|Any CPU
		{2A6B62AA-D4D1-4C91-9CDE-6B1260168526}.Release|Any CPU.ActiveCfg = Release|Any CPU
		{2A6B62AA-D4D1-4C91-9CDE-6B1260168526}.Release|Any CPU.Build.0 = Release|Any CPU
		{351787CF-7EA6-4A30-B9EA-58A21E47547C}.Debug|Any CPU.ActiveCfg = Debug|Any CPU
		{351787CF-7EA6-4A30-B9EA-58A21E47547C}.Debug|Any CPU.Build.0 = Debug|Any CPU
		{351787CF-7EA6-4A30-B9EA-58A21E47547C}.Release|Any CPU.ActiveCfg = Release|Any CPU
		{351787CF-7EA6-4A30-B9EA-58A21E47547C}.Release|Any CPU.Build.0 = Release|Any CPU
	EndGlobalSection
	GlobalSection(SolutionProperties) = preSolution
		HideSolutionNode = FALSE
	EndGlobalSection
	GlobalSection(ExtensibilityGlobals) = postSolution
		SolutionGuid = {BB10829D-A03B-46D8-BE67-E25053FDCDEA}
	EndGlobalSection
EndGlobal
